
Microsoft Visual Studio Solution File, Format Version 12.00
# Visual Studio Version 16
VisualStudioVersion = 16.0.29926.136
MinimumVisualStudioVersion = 10.0.40219.1
Project("{9A19103F-16F7-4668-BE54-9A1E7A4F7556}") = "Dikeko.ORM.Core", "Dikeko.ORM.Core\Dikeko.ORM.Core.csproj", "{537CC731-57AC-4F4F-A4DB-8A03A1953925}"
EndProject
Project("{9A19103F-16F7-4668-BE54-9A1E7A4F7556}") = "Dikeko.ORM.Core.Test", "Dikeko.ORM.Core.Test\Dikeko.ORM.Core.Test.csproj", "{728540C7-4EB9-418D-95DF-CD74FEA1F58A}"
EndProject
Global
	GlobalSection(SolutionConfigurationPlatforms) = preSolution
		Debug|Any CPU = Debug|Any CPU
		Release|Any CPU = Release|Any CPU
	EndGlobalSection
	GlobalSection(ProjectConfigurationPlatforms) = postSolution
		{537CC731-57AC-4F4F-A4DB-8A03A1953925}.Debug|Any CPU.ActiveCfg = Debug|Any CPU
		{537CC731-57AC-4F4F-A4DB-8A03A1953925}.Debug|Any CPU.Build.0 = Debug|Any CPU
		{537CC731-57AC-4F4F-A4DB-8A03A1953925}.Release|Any CPU.ActiveCfg = Release|Any CPU
		{537CC731-57AC-4F4F-A4DB-8A03A1953925}.Release|Any CPU.Build.0 = Release|Any CPU
		{728540C7-4EB9-418D-95DF-CD74FEA1F58A}.Debug|Any CPU.ActiveCfg = Debug|Any CPU
		{728540C7-4EB9-418D-95DF-CD74FEA1F58A}.Debug|Any CPU.Build.0 = Debug|Any CPU
		{728540C7-4EB9-418D-95DF-CD74FEA1F58A}.Release|Any CPU.ActiveCfg = Release|Any CPU
		{728540C7-4EB9-418D-95DF-CD74FEA1F58A}.Release|Any CPU.Build.0 = Release|Any CPU
	EndGlobalSection
	GlobalSection(SolutionProperties) = preSolution
		HideSolutionNode = FALSE
	EndGlobalSection
	GlobalSection(ExtensibilityGlobals) = postSolution
		SolutionGuid = {AF4C0DC9-0E51-4F21-BA8B-28D4E7A15626}
	EndGlobalSection
EndGlobal
